
Microsoft Visual Studio Solution File, Format Version 11.00
# Visual Studio 2010
Project("{FAE04EC0-301F-11D3-BF4B-00C04F79EFBC}") = "Project003", "Assembly-CSharp.csproj", "{AC160C74-A479-743D-6732-D67291D3E2EF}"
EndProject
Project("{FAE04EC0-301F-11D3-BF4B-00C04F79EFBC}") = "Project003", "Assembly-CSharp-firstpass.csproj", "{DE96D047-ED70-111D-A41E-760AD1B033BD}"
EndProject
Project("{FAE04EC0-301F-11D3-BF4B-00C04F79EFBC}") = "Project003", "Assembly-CSharp-Editor-firstpass.csproj", "{1A9023A2-B14C-4490-E77D-E3871036A882}"
EndProject
Global
	GlobalSection(SolutionConfigurationPlatforms) = preSolution
		Debug|Any CPU = Debug|Any CPU
		Release|Any CPU = Release|Any CPU
	EndGlobalSection
	GlobalSection(ProjectConfigurationPlatforms) = postSolution
		{AC160C74-A479-743D-6732-D67291D3E2EF}.Debug|Any CPU.ActiveCfg = Debug|Any CPU
		{AC160C74-A479-743D-6732-D67291D3E2EF}.Debug|Any CPU.Build.0 = Debug|Any CPU
		{AC160C74-A479-743D-6732-D67291D3E2EF}.Release|Any CPU.ActiveCfg = Release|Any CPU
		{AC160C74-A479-743D-6732-D67291D3E2EF}.Release|Any CPU.Build.0 = Release|Any CPU
		{DE96D047-ED70-111D-A41E-760AD1B033BD}.Debug|Any CPU.ActiveCfg = Debug|Any CPU
		{DE96D047-ED70-111D-A41E-760AD1B033BD}.Debug|Any CPU.Build.0 = Debug|Any CPU
		{DE96D047-ED70-111D-A41E-760AD1B033BD}.Release|Any CPU.ActiveCfg = Release|Any CPU
		{DE96D047-ED70-111D-A41E-760AD1B033BD}.Release|Any CPU.Build.0 = Release|Any CPU
		{1A9023A2-B14C-4490-E77D-E3871036A882}.Debug|Any CPU.ActiveCfg = Debug|Any CPU
		{1A9023A2-B14C-4490-E77D-E3871036A882}.Debug|Any CPU.Build.0 = Debug|Any CPU
		{1A9023A2-B14C-4490-E77D-E3871036A882}.Release|Any CPU.ActiveCfg = Release|Any CPU
		{1A9023A2-B14C-4490-E77D-E3871036A882}.Release|Any CPU.Build.0 = Release|Any CPU
	EndGlobalSection
	GlobalSection(SolutionProperties) = preSolution
		HideSolutionNode = FALSE
	EndGlobalSection
	GlobalSection(MonoDevelopProperties) = preSolution
		StartupItem = Assembly-CSharp.csproj
	EndGlobalSection
EndGlobal
